# THIS IS AN AUTOGENERATED FILE. DO NOT EDIT THIS FILE DIRECTLY.
# yarn lockfile v1


"@types/faker@^5.5.3":
  "integrity" "sha512-InxkM6sCFQTI6YQl29M/XGlO19ecv/EHH5X5zLEFdge2/qya8oIT0XkJUKTqheVYWJtGi+FBAfP7hbbunDiOmg=="
  "resolved" "https://registry.npmjs.org/@types/faker/-/faker-5.5.3.tgz"
  "version" "5.5.3"

"faker@5.5.3":
  "integrity" "sha512-wLTv2a28wjUyWkbnX7u/ABZBkUkIF2fCd73V6P2oFqEGEktDfzWx4UxrSqtPRw0xPRAcjeAOIiJWqZm3pP4u3g=="
  "resolved" "https://registry.npmjs.org/faker/-/faker-5.5.3.tgz"
  "version" "5.5.3"
